// !$*UTF8*$!
{
	archiveVersion = 1;
	classes = {
	};
	objectVersion = 50;
	objects = {

/* Begin PBXBuildFile section */
		D64DD9FC22B3307D004C203B /* Message.swift in Sources */ = {isa = PBXBuildFile; fileRef = D64DD9FB22B3307D004C203B /* Message.swift */; };
		D6C05BA422B217EA0044941A /* AppDelegate.swift in Sources */ = {isa = PBXBuildFile; fileRef = D6C05BA322B217EA0044941A /* AppDelegate.swift */; };
		D6C05BAD22B217EC0044941A /* Assets.xcassets in Resources */ = {isa = PBXBuildFile; fileRef = D6C05BAC22B217EC0044941A /* Assets.xcassets */; };
		D6C05BB022B217EC0044941A /* LaunchScreen.storyboard in Resources */ = {isa = PBXBuildFile; fileRef = D6C05BAE22B217EC0044941A /* LaunchScreen.storyboard */; };
		D6C05BB922B218BB0044941A /* MainViewController.swift in Sources */ = {isa = PBXBuildFile; fileRef = D6C05BB722B218BB0044941A /* MainViewController.swift */; };
		D6C05BBA22B218BB0044941A /* MainViewController.xib in Resources */ = {isa = PBXBuildFile; fileRef = D6C05BB822B218BB0044941A /* MainViewController.xib */; };
		D6EDF69022B3872F008DAFF4 /* Graphics.swift in Sources */ = {isa = PBXBuildFile; fileRef = D6EDF68F22B3872F008DAFF4 /* Graphics.swift */; };
/* End PBXBuildFile section */

/* Begin PBXFileReference section */
		D64DD9FB22B3307D004C203B /* Message.swift */ = {isa = PBXFileReference; lastKnownFileType = sourcecode.swift; path = Message.swift; sourceTree = "<group>"; };
		D6C05BA022B217EA0044941A /* WebSocketClient.app */ = {isa = PBXFileReference; explicitFileType = wrapper.application; includeInIndex = 0; path = WebSocketClient.app; sourceTree = BUILT_PRODUCTS_DIR; };
		D6C05BA322B217EA0044941A /* AppDelegate.swift */ = {isa = PBXFileReference; lastKnownFileType = sourcecode.swift; path = AppDelegate.swift; sourceTree = "<group>"; };
		D6C05BAC22B217EC0044941A /* Assets.xcassets */ = {isa = PBXFileReference; lastKnownFileType = folder.assetcatalog; path = Assets.xcassets; sourceTree = "<group>"; };
		D6C05BAF22B217EC0044941A /* Base */ = {isa = PBXFileReference; lastKnownFileType = file.storyboard; name = Base; path = Base.lproj/LaunchScreen.storyboard; sourceTree = "<group>"; };
		D6C05BB122B217EC0044941A /* Info.plist */ = {isa = PBXFileReference; lastKnownFileType = text.plist.xml; path = Info.plist; sourceTree = "<group>"; };
		D6C05BB722B218BB0044941A /* MainViewController.swift */ = {isa = PBXFileReference; lastKnownFileType = sourcecode.swift; path = MainViewController.swift; sourceTree = "<group>"; };
		D6C05BB822B218BB0044941A /* MainViewController.xib */ = {isa = PBXFileReference; lastKnownFileType = file.xib; path = MainViewController.xib; sourceTree = "<group>"; };
		D6EDF68F22B3872F008DAFF4 /* Graphics.swift */ = {isa = PBXFileReference; lastKnownFileType = sourcecode.swift; path = Graphics.swift; sourceTree = "<group>"; };
/* End PBXFileReference section */

/* Begin PBXFrameworksBuildPhase section */
		D6C05B9D22B217EA0044941A /* Frameworks */ = {
			isa = PBXFrameworksBuildPhase;
			buildActionMask = 2147483647;
			files = (
			);
			runOnlyForDeploymentPostprocessing = 0;
		};
/* End PBXFrameworksBuildPhase section */

/* Begin PBXGroup section */
		D64DD9F822B32F49004C203B /* Common */ = {
			isa = PBXGroup;
			children = (
				D64DD9FB22B3307D004C203B /* Message.swift */,
			);
			path = Common;
			sourceTree = "<group>";
		};
		D6C05B9722B217EA0044941A = {
			isa = PBXGroup;
			children = (
				D6C05BA222B217EA0044941A /* WebSocketClient */,
				D6C05BA122B217EA0044941A /* Products */,
			);
			sourceTree = "<group>";
		};
		D6C05BA122B217EA0044941A /* Products */ = {
			isa = PBXGroup;
			children = (
				D6C05BA022B217EA0044941A /* WebSocketClient.app */,
			);
			name = Products;
			sourceTree = "<group>";
		};
		D6C05BA222B217EA0044941A /* WebSocketClient */ = {
			isa = PBXGroup;
			children = (
				D64DD9F822B32F49004C203B /* Common */,
				D6C05BA322B217EA0044941A /* AppDelegate.swift */,
				D6C05BAC22B217EC0044941A /* Assets.xcassets */,
				D6C05BAE22B217EC0044941A /* LaunchScreen.storyboard */,
				D6C05BB122B217EC0044941A /* Info.plist */,
				D6C05BB722B218BB0044941A /* MainViewController.swift */,
				D6C05BB822B218BB0044941A /* MainViewController.xib */,
				D6EDF68F22B3872F008DAFF4 /* Graphics.swift */,
			);
			path = WebSocketClient;
			sourceTree = "<group>";
		};
/* End PBXGroup section */

/* Begin PBXNativeTarget section */
		D6C05B9F22B217EA0044941A /* WebSocketClient */ = {
			isa = PBXNativeTarget;
			buildConfigurationList = D6C05BB422B217EC0044941A /* Build configuration list for PBXNativeTarget "WebSocketClient" */;
			buildPhases = (
				D6C05B9C22B217EA0044941A /* Sources */,
				D6C05B9D22B217EA0044941A /* Frameworks */,
				D6C05B9E22B217EA0044941A /* Resources */,
			);
			buildRules = (
			);
			dependencies = (
			);
			name = WebSocketClient;
			productName = WebSocketClient;
			productReference = D6C05BA022B217EA0044941A /* WebSocketClient.app */;
			productType = "com.apple.product-type.application";
		};
/* End PBXNativeTarget section */

/* Begin PBXProject section */
		D6C05B9822B217EA0044941A /* Project object */ = {
			isa = PBXProject;
			attributes = {
				LastSwiftUpdateCheck = 1100;
				LastUpgradeCheck = 1100;
				ORGANIZATIONNAME = omochimetaru;
				TargetAttributes = {
					D6C05B9F22B217EA0044941A = {
						CreatedOnToolsVersion = 11.0;
					};
				};
			};
			buildConfigurationList = D6C05B9B22B217EA0044941A /* Build configuration list for PBXProject "WebSocketClient" */;
			compatibilityVersion = "Xcode 9.3";
			developmentRegion = en;
			hasScannedForEncodings = 0;
			knownRegions = (
				en,
				Base,
			);
			mainGroup = D6C05B9722B217EA0044941A;
			productRefGroup = D6C05BA122B217EA0044941A /* Products */;
			projectDirPath = "";
			projectRoot = "";
			targets = (
				D6C05B9F22B217EA0044941A /* WebSocketClient */,
			);
		};
/* End PBXProject section */

/* Begin PBXResourcesBuildPhase section */
		D6C05B9E22B217EA0044941A /* Resources */ = {
			isa = PBXResourcesBuildPhase;
			buildActionMask = 2147483647;
			files = (
				D6C05BB022B217EC0044941A /* LaunchScreen.storyboard in Resources */,
				D6C05BAD22B217EC0044941A /* Assets.xcassets in Resources */,
				D6C05BBA22B218BB0044941A /* MainViewController.xib in Resources */,
			);
			runOnlyForDeploymentPostprocessing = 0;
		};
/* End PBXResourcesBuildPhase section */

/* Begin PBXSourcesBuildPhase section */
		D6C05B9C22B217EA0044941A /* Sources */ = {
			isa = PBXSourcesBuildPhase;
			buildActionMask = 2147483647;
			files = (
				D6C05BA422B217EA0044941A /* AppDelegate.swift in Sources */,
				D64DD9FC22B3307D004C203B /* Message.swift in Sources */,
				D6EDF69022B3872F008DAFF4 /* Graphics.swift in Sources */,
				D6C05BB922B218BB0044941A /* MainViewController.swift in Sources */,
			);
			runOnlyForDeploymentPostprocessing = 0;
		};
/* End PBXSourcesBuildPhase section */

/* Begin PBXVariantGroup section */
		D6C05BAE22B217EC0044941A /* LaunchScreen.storyboard */ = {
			isa = PBXVariantGroup;
			children = (
				D6C05BAF22B217EC0044941A /* Base */,
			);
			name = LaunchScreen.storyboard;
			sourceTree = "<group>";
		};
/* End PBXVariantGroup section */

/* Begin XCBuildConfiguration section */
		D6C05BB222B217EC0044941A /* Debug */ = {
			isa = XCBuildConfiguration;
			buildSettings = {
				ALWAYS_SEARCH_USER_PATHS = NO;
				CLANG_ANALYZER_NONNULL = YES;
				CLANG_ANALYZER_NUMBER_OBJECT_CONVERSION = YES_AGGRESSIVE;
				CLANG_CXX_LANGUAGE_STANDARD = "gnu++14";
				CLANG_CXX_LIBRARY = "libc++";
				CLANG_ENABLE_MODULES = YES;
				CLANG_ENABLE_OBJC_ARC = YES;
				CLANG_ENABLE_OBJC_WEAK = YES;
				CLANG_WARN_BLOCK_CAPTURE_AUTORELEASING = YES;
				CLANG_WARN_BOOL_CONVERSION = YES;
				CLANG_WARN_COMMA = YES;
				CLANG_WARN_CONSTANT_CONVERSION = YES;
				CLANG_WARN_DEPRECATED_OBJC_IMPLEMENTATIONS = YES;
				CLANG_WARN_DIRECT_OBJC_ISA_USAGE = YES_ERROR;
				CLANG_WARN_DOCUMENTATION_COMMENTS = YES;
				CLANG_WARN_EMPTY_BODY = YES;
				CLANG_WARN_ENUM_CONVERSION = YES;
				CLANG_WARN_INFINITE_RECURSION = YES;
				CLANG_WARN_INT_CONVERSION = YES;
				CLANG_WARN_NON_LITERAL_NULL_CONVERSION = YES;
				CLANG_WARN_OBJC_IMPLICIT_RETAIN_SELF = YES;
				CLANG_WARN_OBJC_LITERAL_CONVERSION = YES;
				CLANG_WARN_OBJC_ROOT_CLASS = YES_ERROR;
				CLANG_WARN_RANGE_LOOP_ANALYSIS = YES;
				CLANG_WARN_STRICT_PROTOTYPES = YES;
				CLANG_WARN_SUSPICIOUS_MOVE = YES;
				CLANG_WARN_UNGUARDED_AVAILABILITY = YES_AGGRESSIVE;
				CLANG_WARN_UNREACHABLE_CODE = YES;
				CLANG_WARN__DUPLICATE_METHOD_MATCH = YES;
				COPY_PHASE_STRIP = NO;
				DEBUG_INFORMATION_FORMAT = dwarf;
				ENABLE_STRICT_OBJC_MSGSEND = YES;
				ENABLE_TESTABILITY = YES;
				GCC_C_LANGUAGE_STANDARD = gnu11;
				GCC_DYNAMIC_NO_PIC = NO;
				GCC_NO_COMMON_BLOCKS = YES;
				GCC_OPTIMIZATION_LEVEL = 0;
				GCC_PREPROCESSOR_DEFINITIONS = (
					"DEBUG=1",
					"$(inherited)",
				);
				GCC_WARN_64_TO_32_BIT_CONVERSION = YES;
				GCC_WARN_ABOUT_RETURN_TYPE = YES_ERROR;
				GCC_WARN_UNDECLARED_SELECTOR = YES;
				GCC_WARN_UNINITIALIZED_AUTOS = YES_AGGRESSIVE;
				GCC_WARN_UNUSED_FUNCTION = YES;
				GCC_WARN_UNUSED_VARIABLE = YES;
				IPHONEOS_DEPLOYMENT_TARGET = 13.0;
				MTL_ENABLE_DEBUG_INFO = INCLUDE_SOURCE;
				MTL_FAST_MATH = YES;
				ONLY_ACTIVE_ARCH = YES;
				SDKROOT = iphoneos;
				SWIFT_ACTIVE_COMPILATION_CONDITIONS = DEBUG;
				SWIFT_OPTIMIZATION_LEVEL = "-Onone";
			};
			name = Debug;
		};
		D6C05BB322B217EC0044941A /* Release */ = {
			isa = XCBuildConfiguration;
			buildSettings = {
				ALWAYS_SEARCH_USER_PATHS = NO;
				CLANG_ANALYZER_NONNULL = YES;
				CLANG_ANALYZER_NUMBER_OBJECT_CONVERSION = YES_AGGRESSIVE;
				CLANG_CXX_LANGUAGE_STANDARD = "gnu++14";
				CLANG_CXX_LIBRARY = "libc++";
				CLANG_ENABLE_MODULES = YES;
				CLANG_ENABLE_OBJC_ARC = YES;
				CLANG_ENABLE_OBJC_WEAK = YES;
				CLANG_WARN_BLOCK_CAPTURE_AUTORELEASING = YES;
				CLANG_WARN_BOOL_CONVERSION = YES;
				CLANG_WARN_COMMA = YES;
				CLANG_WARN_CONSTANT_CONVERSION = YES;
				CLANG_WARN_DEPRECATED_OBJC_IMPLEMENTATIONS = YES;
				CLANG_WARN_DIRECT_OBJC_ISA_USAGE = YES_ERROR;
				CLANG_WARN_DOCUMENTATION_COMMENTS = YES;
				CLANG_WARN_EMPTY_BODY = YES;
				CLANG_WARN_ENUM_CONVERSION = YES;
				CLANG_WARN_INFINITE_RECURSION = YES;
				CLANG_WARN_INT_CONVERSION = YES;
				CLANG_WARN_NON_LITERAL_NULL_CONVERSION = YES;
				CLANG_WARN_OBJC_IMPLICIT_RETAIN_SELF = YES;
				CLANG_WARN_OBJC_LITERAL_CONVERSION = YES;
				CLANG_WARN_OBJC_ROOT_CLASS = YES_ERROR;
				CLANG_WARN_RANGE_LOOP_ANALYSIS = YES;
				CLANG_WARN_STRICT_PROTOTYPES = YES;
				CLANG_WARN_SUSPICIOUS_MOVE = YES;
				CLANG_WARN_UNGUARDED_AVAILABILITY = YES_AGGRESSIVE;
				CLANG_WARN_UNREACHABLE_CODE = YES;
				CLANG_WARN__DUPLICATE_METHOD_MATCH = YES;
				COPY_PHASE_STRIP = NO;
				DEBUG_INFORMATION_FORMAT = "dwarf-with-dsym";
				ENABLE_NS_ASSERTIONS = NO;
				ENABLE_STRICT_OBJC_MSGSEND = YES;
				GCC_C_LANGUAGE_STANDARD = gnu11;
				GCC_NO_COMMON_BLOCKS = YES;
				GCC_WARN_64_TO_32_BIT_CONVERSION = YES;
				GCC_WARN_ABOUT_RETURN_TYPE = YES_ERROR;
				GCC_WARN_UNDECLARED_SELECTOR = YES;
				GCC_WARN_UNINITIALIZED_AUTOS = YES_AGGRESSIVE;
				GCC_WARN_UNUSED_FUNCTION = YES;
				GCC_WARN_UNUSED_VARIABLE = YES;
				IPHONEOS_DEPLOYMENT_TARGET = 13.0;
				MTL_ENABLE_DEBUG_INFO = NO;
				MTL_FAST_MATH = YES;
				SDKROOT = iphoneos;
				SWIFT_COMPILATION_MODE = wholemodule;
				SWIFT_OPTIMIZATION_LEVEL = "-O";
				VALIDATE_PRODUCT = YES;
			};
			name = Release;
		};
		D6C05BB522B217EC0044941A /* Debug */ = {
			isa = XCBuildConfiguration;
			buildSettings = {
				ASSETCATALOG_COMPILER_APPICON_NAME = AppIcon;
				CODE_SIGN_STYLE = Automatic;
				DEVELOPMENT_TEAM = 89876Y4X88;
				INFOPLIST_FILE = WebSocketClient/Info.plist;
				LD_RUNPATH_SEARCH_PATHS = (
					"$(inherited)",
					"@executable_path/Frameworks",
				);
				PRODUCT_BUNDLE_IDENTIFIER = com.omochimetaru.WebSocketClient;
				PRODUCT_NAME = "$(TARGET_NAME)";
				SWIFT_VERSION = 5.0;
				TARGETED_DEVICE_FAMILY = "1,2";
			};
			name = Debug;
		};
		D6C05BB622B217EC0044941A /* Release */ = {
			isa = XCBuildConfiguration;
			buildSettings = {
				ASSETCATALOG_COMPILER_APPICON_NAME = AppIcon;
				CODE_SIGN_STYLE = Automatic;
				DEVELOPMENT_TEAM = 89876Y4X88;
				INFOPLIST_FILE = WebSocketClient/Info.plist;
				LD_RUNPATH_SEARCH_PATHS = (
					"$(inherited)",
					"@executable_path/Frameworks",
				);
				PRODUCT_BUNDLE_IDENTIFIER = com.omochimetaru.WebSocketClient;
				PRODUCT_NAME = "$(TARGET_NAME)";
				SWIFT_VERSION = 5.0;
				TARGETED_DEVICE_FAMILY = "1,2";
			};
			name = Release;
		};
/* End XCBuildConfiguration section */

/* Begin XCConfigurationList section */
		D6C05B9B22B217EA0044941A /* Build configuration list for PBXProject "WebSocketClient" */ = {
			isa = XCConfigurationList;
			buildConfigurations = (
				D6C05BB222B217EC0044941A /* Debug */,
				D6C05BB322B217EC0044941A /* Release */,
			);
			defaultConfigurationIsVisible = 0;
			defaultConfigurationName = Release;
		};
		D6C05BB422B217EC0044941A /* Build configuration list for PBXNativeTarget "WebSocketClient" */ = {
			isa = XCConfigurationList;
			buildConfigurations = (
				D6C05BB522B217EC0044941A /* Debug */,
				D6C05BB622B217EC0044941A /* Release */,
			);
			defaultConfigurationIsVisible = 0;
			defaultConfigurationName = Release;
		};
/* End XCConfigurationList section */
	};
	rootObject = D6C05B9822B217EA0044941A /* Project object */;
}
