// !$*UTF8*$!
{
	archiveVersion = 1;
	classes = {
	};
	objectVersion = 50;
	objects = {

/* Begin PBXBuildFile section */
		D64705AF22B1EF7C0089E5BD /* AppDelegate.swift in Sources */ = {isa = PBXBuildFile; fileRef = D64705AE22B1EF7C0089E5BD /* AppDelegate.swift */; };
		D64705B122B1EF7E0089E5BD /* Assets.xcassets in Resources */ = {isa = PBXBuildFile; fileRef = D64705B022B1EF7E0089E5BD /* Assets.xcassets */; };
		D64705B422B1EF7E0089E5BD /* MainMenu.xib in Resources */ = {isa = PBXBuildFile; fileRef = D64705B222B1EF7E0089E5BD /* MainMenu.xib */; };
		D64705BE22B1EF9D0089E5BD /* MainWindowController.swift in Sources */ = {isa = PBXBuildFile; fileRef = D64705BC22B1EF9D0089E5BD /* MainWindowController.swift */; };
		D64705BF22B1EF9D0089E5BD /* MainWindowController.xib in Resources */ = {isa = PBXBuildFile; fileRef = D64705BD22B1EF9D0089E5BD /* MainWindowController.xib */; };
/* End PBXBuildFile section */

/* Begin PBXFileReference section */
		D64705AB22B1EF7C0089E5BD /* WebSocketServer.app */ = {isa = PBXFileReference; explicitFileType = wrapper.application; includeInIndex = 0; path = WebSocketServer.app; sourceTree = BUILT_PRODUCTS_DIR; };
		D64705AE22B1EF7C0089E5BD /* AppDelegate.swift */ = {isa = PBXFileReference; lastKnownFileType = sourcecode.swift; path = AppDelegate.swift; sourceTree = "<group>"; };
		D64705B022B1EF7E0089E5BD /* Assets.xcassets */ = {isa = PBXFileReference; lastKnownFileType = folder.assetcatalog; path = Assets.xcassets; sourceTree = "<group>"; };
		D64705B322B1EF7E0089E5BD /* Base */ = {isa = PBXFileReference; lastKnownFileType = file.xib; name = Base; path = Base.lproj/MainMenu.xib; sourceTree = "<group>"; };
		D64705B522B1EF7E0089E5BD /* Info.plist */ = {isa = PBXFileReference; lastKnownFileType = text.plist.xml; path = Info.plist; sourceTree = "<group>"; };
		D64705B622B1EF7E0089E5BD /* WebSocketServer.entitlements */ = {isa = PBXFileReference; lastKnownFileType = text.plist.entitlements; path = WebSocketServer.entitlements; sourceTree = "<group>"; };
		D64705BC22B1EF9D0089E5BD /* MainWindowController.swift */ = {isa = PBXFileReference; lastKnownFileType = sourcecode.swift; path = MainWindowController.swift; sourceTree = "<group>"; };
		D64705BD22B1EF9D0089E5BD /* MainWindowController.xib */ = {isa = PBXFileReference; lastKnownFileType = file.xib; path = MainWindowController.xib; sourceTree = "<group>"; };
/* End PBXFileReference section */

/* Begin PBXFrameworksBuildPhase section */
		D64705A822B1EF7C0089E5BD /* Frameworks */ = {
			isa = PBXFrameworksBuildPhase;
			buildActionMask = 2147483647;
			files = (
			);
			runOnlyForDeploymentPostprocessing = 0;
		};
/* End PBXFrameworksBuildPhase section */

/* Begin PBXGroup section */
		D64705A222B1EF7C0089E5BD = {
			isa = PBXGroup;
			children = (
				D64705AD22B1EF7C0089E5BD /* WebSocketServer */,
				D64705AC22B1EF7C0089E5BD /* Products */,
			);
			sourceTree = "<group>";
		};
		D64705AC22B1EF7C0089E5BD /* Products */ = {
			isa = PBXGroup;
			children = (
				D64705AB22B1EF7C0089E5BD /* WebSocketServer.app */,
			);
			name = Products;
			sourceTree = "<group>";
		};
		D64705AD22B1EF7C0089E5BD /* WebSocketServer */ = {
			isa = PBXGroup;
			children = (
				D64705AE22B1EF7C0089E5BD /* AppDelegate.swift */,
				D64705B022B1EF7E0089E5BD /* Assets.xcassets */,
				D64705B222B1EF7E0089E5BD /* MainMenu.xib */,
				D64705B522B1EF7E0089E5BD /* Info.plist */,
				D64705B622B1EF7E0089E5BD /* WebSocketServer.entitlements */,
				D64705BC22B1EF9D0089E5BD /* MainWindowController.swift */,
				D64705BD22B1EF9D0089E5BD /* MainWindowController.xib */,
			);
			path = WebSocketServer;
			sourceTree = "<group>";
		};
/* End PBXGroup section */

/* Begin PBXNativeTarget section */
		D64705AA22B1EF7C0089E5BD /* WebSocketServer */ = {
			isa = PBXNativeTarget;
			buildConfigurationList = D64705B922B1EF7E0089E5BD /* Build configuration list for PBXNativeTarget "WebSocketServer" */;
			buildPhases = (
				D64705A722B1EF7C0089E5BD /* Sources */,
				D64705A822B1EF7C0089E5BD /* Frameworks */,
				D64705A922B1EF7C0089E5BD /* Resources */,
			);
			buildRules = (
			);
			dependencies = (
			);
			name = WebSocketServer;
			productName = WebSocketServer;
			productReference = D64705AB22B1EF7C0089E5BD /* WebSocketServer.app */;
			productType = "com.apple.product-type.application";
		};
/* End PBXNativeTarget section */

/* Begin PBXProject section */
		D64705A322B1EF7C0089E5BD /* Project object */ = {
			isa = PBXProject;
			attributes = {
				LastSwiftUpdateCheck = 1100;
				LastUpgradeCheck = 1100;
				ORGANIZATIONNAME = omochimetaru;
				TargetAttributes = {
					D64705AA22B1EF7C0089E5BD = {
						CreatedOnToolsVersion = 11.0;
					};
				};
			};
			buildConfigurationList = D64705A622B1EF7C0089E5BD /* Build configuration list for PBXProject "WebSocketServer" */;
			compatibilityVersion = "Xcode 9.3";
			developmentRegion = en;
			hasScannedForEncodings = 0;
			knownRegions = (
				en,
				Base,
			);
			mainGroup = D64705A222B1EF7C0089E5BD;
			productRefGroup = D64705AC22B1EF7C0089E5BD /* Products */;
			projectDirPath = "";
			projectRoot = "";
			targets = (
				D64705AA22B1EF7C0089E5BD /* WebSocketServer */,
			);
		};
/* End PBXProject section */

/* Begin PBXResourcesBuildPhase section */
		D64705A922B1EF7C0089E5BD /* Resources */ = {
			isa = PBXResourcesBuildPhase;
			buildActionMask = 2147483647;
			files = (
				D64705B122B1EF7E0089E5BD /* Assets.xcassets in Resources */,
				D64705BF22B1EF9D0089E5BD /* MainWindowController.xib in Resources */,
				D64705B422B1EF7E0089E5BD /* MainMenu.xib in Resources */,
			);
			runOnlyForDeploymentPostprocessing = 0;
		};
/* End PBXResourcesBuildPhase section */

/* Begin PBXSourcesBuildPhase section */
		D64705A722B1EF7C0089E5BD /* Sources */ = {
			isa = PBXSourcesBuildPhase;
			buildActionMask = 2147483647;
			files = (
				D64705BE22B1EF9D0089E5BD /* MainWindowController.swift in Sources */,
				D64705AF22B1EF7C0089E5BD /* AppDelegate.swift in Sources */,
			);
			runOnlyForDeploymentPostprocessing = 0;
		};
/* End PBXSourcesBuildPhase section */

/* Begin PBXVariantGroup section */
		D64705B222B1EF7E0089E5BD /* MainMenu.xib */ = {
			isa = PBXVariantGroup;
			children = (
				D64705B322B1EF7E0089E5BD /* Base */,
			);
			name = MainMenu.xib;
			sourceTree = "<group>";
		};
/* End PBXVariantGroup section */

/* Begin XCBuildConfiguration section */
		D64705B722B1EF7E0089E5BD /* Debug */ = {
			isa = XCBuildConfiguration;
			buildSettings = {
				ALWAYS_SEARCH_USER_PATHS = NO;
				CLANG_ANALYZER_NONNULL = YES;
				CLANG_ANALYZER_NUMBER_OBJECT_CONVERSION = YES_AGGRESSIVE;
				CLANG_CXX_LANGUAGE_STANDARD = "gnu++14";
				CLANG_CXX_LIBRARY = "libc++";
				CLANG_ENABLE_MODULES = YES;
				CLANG_ENABLE_OBJC_ARC = YES;
				CLANG_ENABLE_OBJC_WEAK = YES;
				CLANG_WARN_BLOCK_CAPTURE_AUTORELEASING = YES;
				CLANG_WARN_BOOL_CONVERSION = YES;
				CLANG_WARN_COMMA = YES;
				CLANG_WARN_CONSTANT_CONVERSION = YES;
				CLANG_WARN_DEPRECATED_OBJC_IMPLEMENTATIONS = YES;
				CLANG_WARN_DIRECT_OBJC_ISA_USAGE = YES_ERROR;
				CLANG_WARN_DOCUMENTATION_COMMENTS = YES;
				CLANG_WARN_EMPTY_BODY = YES;
				CLANG_WARN_ENUM_CONVERSION = YES;
				CLANG_WARN_INFINITE_RECURSION = YES;
				CLANG_WARN_INT_CONVERSION = YES;
				CLANG_WARN_NON_LITERAL_NULL_CONVERSION = YES;
				CLANG_WARN_OBJC_IMPLICIT_RETAIN_SELF = YES;
				CLANG_WARN_OBJC_LITERAL_CONVERSION = YES;
				CLANG_WARN_OBJC_ROOT_CLASS = YES_ERROR;
				CLANG_WARN_RANGE_LOOP_ANALYSIS = YES;
				CLANG_WARN_STRICT_PROTOTYPES = YES;
				CLANG_WARN_SUSPICIOUS_MOVE = YES;
				CLANG_WARN_UNGUARDED_AVAILABILITY = YES_AGGRESSIVE;
				CLANG_WARN_UNREACHABLE_CODE = YES;
				CLANG_WARN__DUPLICATE_METHOD_MATCH = YES;
				COPY_PHASE_STRIP = NO;
				DEBUG_INFORMATION_FORMAT = dwarf;
				ENABLE_STRICT_OBJC_MSGSEND = YES;
				ENABLE_TESTABILITY = YES;
				GCC_C_LANGUAGE_STANDARD = gnu11;
				GCC_DYNAMIC_NO_PIC = NO;
				GCC_NO_COMMON_BLOCKS = YES;
				GCC_OPTIMIZATION_LEVEL = 0;
				GCC_PREPROCESSOR_DEFINITIONS = (
					"DEBUG=1",
					"$(inherited)",
				);
				GCC_WARN_64_TO_32_BIT_CONVERSION = YES;
				GCC_WARN_ABOUT_RETURN_TYPE = YES_ERROR;
				GCC_WARN_UNDECLARED_SELECTOR = YES;
				GCC_WARN_UNINITIALIZED_AUTOS = YES_AGGRESSIVE;
				GCC_WARN_UNUSED_FUNCTION = YES;
				GCC_WARN_UNUSED_VARIABLE = YES;
				MACOSX_DEPLOYMENT_TARGET = 10.15;
				MTL_ENABLE_DEBUG_INFO = INCLUDE_SOURCE;
				MTL_FAST_MATH = YES;
				ONLY_ACTIVE_ARCH = YES;
				SDKROOT = macosx;
				SWIFT_ACTIVE_COMPILATION_CONDITIONS = DEBUG;
				SWIFT_OPTIMIZATION_LEVEL = "-Onone";
			};
			name = Debug;
		};
		D64705B822B1EF7E0089E5BD /* Release */ = {
			isa = XCBuildConfiguration;
			buildSettings = {
				ALWAYS_SEARCH_USER_PATHS = NO;
				CLANG_ANALYZER_NONNULL = YES;
				CLANG_ANALYZER_NUMBER_OBJECT_CONVERSION = YES_AGGRESSIVE;
				CLANG_CXX_LANGUAGE_STANDARD = "gnu++14";
				CLANG_CXX_LIBRARY = "libc++";
				CLANG_ENABLE_MODULES = YES;
				CLANG_ENABLE_OBJC_ARC = YES;
				CLANG_ENABLE_OBJC_WEAK = YES;
				CLANG_WARN_BLOCK_CAPTURE_AUTORELEASING = YES;
				CLANG_WARN_BOOL_CONVERSION = YES;
				CLANG_WARN_COMMA = YES;
				CLANG_WARN_CONSTANT_CONVERSION = YES;
				CLANG_WARN_DEPRECATED_OBJC_IMPLEMENTATIONS = YES;
				CLANG_WARN_DIRECT_OBJC_ISA_USAGE = YES_ERROR;
				CLANG_WARN_DOCUMENTATION_COMMENTS = YES;
				CLANG_WARN_EMPTY_BODY = YES;
				CLANG_WARN_ENUM_CONVERSION = YES;
				CLANG_WARN_INFINITE_RECURSION = YES;
				CLANG_WARN_INT_CONVERSION = YES;
				CLANG_WARN_NON_LITERAL_NULL_CONVERSION = YES;
				CLANG_WARN_OBJC_IMPLICIT_RETAIN_SELF = YES;
				CLANG_WARN_OBJC_LITERAL_CONVERSION = YES;
				CLANG_WARN_OBJC_ROOT_CLASS = YES_ERROR;
				CLANG_WARN_RANGE_LOOP_ANALYSIS = YES;
				CLANG_WARN_STRICT_PROTOTYPES = YES;
				CLANG_WARN_SUSPICIOUS_MOVE = YES;
				CLANG_WARN_UNGUARDED_AVAILABILITY = YES_AGGRESSIVE;
				CLANG_WARN_UNREACHABLE_CODE = YES;
				CLANG_WARN__DUPLICATE_METHOD_MATCH = YES;
				COPY_PHASE_STRIP = NO;
				DEBUG_INFORMATION_FORMAT = "dwarf-with-dsym";
				ENABLE_NS_ASSERTIONS = NO;
				ENABLE_STRICT_OBJC_MSGSEND = YES;
				GCC_C_LANGUAGE_STANDARD = gnu11;
				GCC_NO_COMMON_BLOCKS = YES;
				GCC_WARN_64_TO_32_BIT_CONVERSION = YES;
				GCC_WARN_ABOUT_RETURN_TYPE = YES_ERROR;
				GCC_WARN_UNDECLARED_SELECTOR = YES;
				GCC_WARN_UNINITIALIZED_AUTOS = YES_AGGRESSIVE;
				GCC_WARN_UNUSED_FUNCTION = YES;
				GCC_WARN_UNUSED_VARIABLE = YES;
				MACOSX_DEPLOYMENT_TARGET = 10.15;
				MTL_ENABLE_DEBUG_INFO = NO;
				MTL_FAST_MATH = YES;
				SDKROOT = macosx;
				SWIFT_COMPILATION_MODE = wholemodule;
				SWIFT_OPTIMIZATION_LEVEL = "-O";
			};
			name = Release;
		};
		D64705BA22B1EF7E0089E5BD /* Debug */ = {
			isa = XCBuildConfiguration;
			buildSettings = {
				ASSETCATALOG_COMPILER_APPICON_NAME = AppIcon;
				CODE_SIGN_ENTITLEMENTS = WebSocketServer/WebSocketServer.entitlements;
				CODE_SIGN_STYLE = Automatic;
				COMBINE_HIDPI_IMAGES = YES;
				INFOPLIST_FILE = WebSocketServer/Info.plist;
				LD_RUNPATH_SEARCH_PATHS = (
					"$(inherited)",
					"@executable_path/../Frameworks",
				);
				PRODUCT_BUNDLE_IDENTIFIER = com.omochimetaru.WebSocketServer;
				PRODUCT_NAME = "$(TARGET_NAME)";
				SWIFT_VERSION = 5.0;
			};
			name = Debug;
		};
		D64705BB22B1EF7E0089E5BD /* Release */ = {
			isa = XCBuildConfiguration;
			buildSettings = {
				ASSETCATALOG_COMPILER_APPICON_NAME = AppIcon;
				CODE_SIGN_ENTITLEMENTS = WebSocketServer/WebSocketServer.entitlements;
				CODE_SIGN_STYLE = Automatic;
				COMBINE_HIDPI_IMAGES = YES;
				INFOPLIST_FILE = WebSocketServer/Info.plist;
				LD_RUNPATH_SEARCH_PATHS = (
					"$(inherited)",
					"@executable_path/../Frameworks",
				);
				PRODUCT_BUNDLE_IDENTIFIER = com.omochimetaru.WebSocketServer;
				PRODUCT_NAME = "$(TARGET_NAME)";
				SWIFT_VERSION = 5.0;
			};
			name = Release;
		};
/* End XCBuildConfiguration section */

/* Begin XCConfigurationList section */
		D64705A622B1EF7C0089E5BD /* Build configuration list for PBXProject "WebSocketServer" */ = {
			isa = XCConfigurationList;
			buildConfigurations = (
				D64705B722B1EF7E0089E5BD /* Debug */,
				D64705B822B1EF7E0089E5BD /* Release */,
			);
			defaultConfigurationIsVisible = 0;
			defaultConfigurationName = Release;
		};
		D64705B922B1EF7E0089E5BD /* Build configuration list for PBXNativeTarget "WebSocketServer" */ = {
			isa = XCConfigurationList;
			buildConfigurations = (
				D64705BA22B1EF7E0089E5BD /* Debug */,
				D64705BB22B1EF7E0089E5BD /* Release */,
			);
			defaultConfigurationIsVisible = 0;
			defaultConfigurationName = Release;
		};
/* End XCConfigurationList section */
	};
	rootObject = D64705A322B1EF7C0089E5BD /* Project object */;
}
